<?xml version="1.0" encoding="UTF-8" standalone="yes" ?>
<CodeBlocks_project_file>
	<FileVersion major="1" minor="6" />
	<Project>
		<Option title="Glue" />
		<Option pch_mode="2" />
		<Option compiler="gcc" />
		<Build>
			<Target title="Debug Linux">
				<Option output="bin/DebugLinux/Glue" prefix_auto="1" extension_auto="1" />
				<Option working_dir="" />
				<Option object_output="obj/DebugLinux/" />
				<Option type="2" />
				<Option compiler="gcc" />
				<Option createDefFile="1" />
				<Compiler>
					<Add option="-Wall" />
					<Add option="-g" />
				</Compiler>
			</Target>
			<Target title="Release Linux">
				<Option output="bin/ReleaseLinux/Glue" prefix_auto="1" extension_auto="1" />
				<Option working_dir="" />
				<Option object_output="obj/ReleaseLinux/" />
				<Option type="2" />
				<Option compiler="gcc" />
				<Option createDefFile="1" />
				<Compiler>
					<Add option="-Wall" />
					<Add option="-O2" />
				</Compiler>
				<Linker>
					<Add option="-s" />
				</Linker>
			</Target>
		</Build>
		<Compiler>
			<Add option="-std=c++14" />
			<Add directory="../irrlicht/include" />
			<Add directory="../bullet3/src" />
			<Add directory="Include" />
			<Add directory="../ThinPlateSpline/Include" />
		</Compiler>
		<Unit filename="Include/Glue/Animators/CustomAnimatorTypes.hpp" />
		<Unit filename="Include/Glue/Animators/KinematicAnimator.hpp" />
		<Unit filename="Include/Glue/Animators/LockAnimator.hpp" />
		<Unit filename="Include/Glue/Animators/PhysicsAnimator.hpp" />
		<Unit filename="Include/Glue/Avatar/Avatar.hpp" />
		<Unit filename="Include/Glue/Avatar/Camera.hpp" />
		<Unit filename="Include/Glue/Avatar/Component.hpp" />
		<Unit filename="Include/Glue/Avatar/KeyInputs.hpp" />
		<Unit filename="Include/Glue/Avatar/NodeAttribute.hpp" />
		<Unit filename="Include/Glue/Avatar/PlayerStyle.hpp" />
		<Unit filename="Include/Glue/Bullet/BodyBuilder.hpp" />
		<Unit filename="Include/Glue/Bullet/Bullet.hpp" />
		<Unit filename="Include/Glue/Bullet/Component.hpp" />
		<Unit filename="Include/Glue/Bullet/ConstraintBuilder.hpp" />
		<Unit filename="Include/Glue/Bullet/ConstraintObj.hpp" />
		<Unit filename="Include/Glue/Bullet/NodeAttribute.hpp" />
		<Unit filename="Include/Glue/Bullet/PhysicsShapes.hpp" />
		<Unit filename="Include/Glue/Bullet/Sense.hpp" />
		<Unit filename="Include/Glue/Bullet/ShapeBuilder.hpp" />
		<Unit filename="Include/Glue/Bullet/ShapeOffsets.hpp" />
		<Unit filename="Include/Glue/Demo/Demo.hpp" />
		<Unit filename="Include/Glue/Desteer/Desteer.hpp" />
		<Unit filename="Include/Glue/Desteer/Steering.hpp" />
		<Unit filename="Include/Glue/EditorGUI/Component.hpp" />
		<Unit filename="Include/Glue/EditorGUI/EditorGUI.hpp" />
		<Unit filename="Include/Glue/EditorGUI/Toolbar.hpp" />
		<Unit filename="Include/Glue/Glue.hpp" />
		<Unit filename="Include/Glue/Interactions/Component/AvatarTime.hpp" />
		<Unit filename="Include/Glue/Interactions/Component/BulletTime.hpp" />
		<Unit filename="Include/Glue/Interactions/Component/Component.hpp" />
		<Unit filename="Include/Glue/Interactions/Component/ComponentInteraction.hpp" />
		<Unit filename="Include/Glue/Interactions/Component/DebugDrawer.hpp" />
		<Unit filename="Include/Glue/Interactions/Component/IrrlichtBulletDebugDrawer.hpp" />
		<Unit filename="Include/Glue/Interactions/Component/IrrlichtKeyInput.hpp" />
		<Unit filename="Include/Glue/Interactions/Component/IrrlichtTime.hpp" />
		<Unit filename="Include/Glue/Interactions/Component/LoadEditorGUI.hpp" />
		<Unit filename="Include/Glue/Interactions/Interactions.hpp" />
		<Unit filename="Include/Glue/Interactions/Link/BulletMouseDrag.hpp" />
		<Unit filename="Include/Glue/Interactions/Link/CameraFollowObject.hpp" />
		<Unit filename="Include/Glue/Interactions/Link/IrrlichtMouseDrag.hpp" />
		<Unit filename="Include/Glue/Interactions/Link/Link.hpp" />
		<Unit filename="Include/Glue/Interactions/Link/LinkInteraction.hpp" />
		<Unit filename="Include/Glue/Interactions/Link/SelectNode.hpp" />
		<Unit filename="Include/Glue/Interactions/Node/AddScriptObjAnim.hpp" />
		<Unit filename="Include/Glue/Interactions/Node/IrrlichtCamera.hpp" />
		<Unit filename="Include/Glue/Interactions/Node/MotionState.hpp" />
		<Unit filename="Include/Glue/Interactions/Node/Node.hpp" />
		<Unit filename="Include/Glue/Interactions/Node/NodeInteraction.hpp" />
		<Unit filename="Include/Glue/Interactions/Node/PlayerNoPhysSleep.hpp" />
		<Unit filename="Include/Glue/Interactions/Node/PlayerPhysics.hpp" />
		<Unit filename="Include/Glue/Irrlicht/Assets.hpp" />
		<Unit filename="Include/Glue/Irrlicht/Camera.hpp" />
		<Unit filename="Include/Glue/Irrlicht/Component.hpp" />
		<Unit filename="Include/Glue/Irrlicht/DisplayShapes.hpp" />
		<Unit filename="Include/Glue/Irrlicht/Irrlicht.hpp" />
		<Unit filename="Include/Glue/Irrlicht/NodeAttribute.hpp" />
		<Unit filename="Include/Glue/Irrlicht/SceneNodeBuilder.hpp" />
		<Unit filename="Include/Glue/Irrlicht/SceneNodes.hpp" />
		<Unit filename="Include/Glue/Irrlicht/ShapeBuilder.hpp" />
		<Unit filename="Include/Glue/Irrlicht/UserInterface/EventDispatch.hpp" />
		<Unit filename="Include/Glue/Irrlicht/UserInterface/GuiEvents.hpp" />
		<Unit filename="Include/Glue/Irrlicht/UserInterface/Keyboard.hpp" />
		<Unit filename="Include/Glue/Irrlicht/UserInterface/Menu.hpp" />
		<Unit filename="Include/Glue/Irrlicht/UserInterface/Mouse.hpp" />
		<Unit filename="Include/Glue/Irrlicht/UserInterface/MouseDragLinkAttribute.hpp" />
		<Unit filename="Include/Glue/Irrlicht/UserInterface/SceneNodeSelector.hpp" />
		<Unit filename="Include/Glue/Irrlicht/UserInterface/UserInterface.hpp" />
		<Unit filename="Include/Glue/LevelSystem/LevelEditor.hpp" />
		<Unit filename="Include/Glue/LevelSystem/LevelSystem.hpp" />
		<Unit filename="Include/Glue/LevelSystem/Props.hpp" />
		<Unit filename="Include/Glue/LevelSystem/Terrain.hpp" />
		<Unit filename="Include/Glue/LevelSystem/Tile.hpp" />
		<Unit filename="Include/Glue/MeshTools/LinkSplitter.hpp" />
		<Unit filename="Include/Glue/MeshTools/MeshTools.hpp" />
		<Unit filename="Include/Glue/MeshTools/PossibleVertex.hpp" />
		<Unit filename="Include/Glue/MeshTools/SoftBodyMeshSynchronizer.hpp" />
		<Unit filename="Include/Glue/MeshTools/SurfaceQuadTree.hpp" />
		<Unit filename="Include/Glue/Model/Domain.hpp" />
		<Unit filename="Include/Glue/Model/Graph.hpp" />
		<Unit filename="Include/Glue/Model/Interaction.hpp" />
		<Unit filename="Include/Glue/Model/Link.hpp" />
		<Unit filename="Include/Glue/Model/Model.hpp" />
		<Unit filename="Include/Glue/Model/Node.hpp" />
		<Unit filename="Include/Glue/Model/Referent.hpp" />
		<Unit filename="Include/Glue/Model/Structure.hpp" />
		<Unit filename="Include/Glue/Model/Time.hpp" />
		<Unit filename="Include/Glue/SharedTypes/Color.hpp" />
		<Unit filename="Include/Glue/SharedTypes/EnumMap.hpp" />
		<Unit filename="Include/Glue/SharedTypes/FlagBits.hpp" />
		<Unit filename="Include/Glue/SharedTypes/IdMap.hpp" />
		<Unit filename="Include/Glue/SharedTypes/SharedTypes.hpp" />
		<Unit filename="Include/Glue/Startup.hpp" />
		<Unit filename="Include/Glue/Styles/ConstraintStyle.hpp" />
		<Unit filename="Include/Glue/Styles/ConstraintStyles.hpp" />
		<Unit filename="Include/Glue/Styles/GameObjStyle.hpp" />
		<Unit filename="Include/Glue/Styles/GameObjStyles.hpp" />
		<Unit filename="Include/Glue/Styles/GearConstraint.hpp" />
		<Unit filename="Include/Glue/Styles/LinkStyle.hpp" />
		<Unit filename="Include/Glue/Styles/LinkStyles.hpp" />
		<Unit filename="Include/Glue/Styles/MountStyle.hpp" />
		<Unit filename="Include/Glue/Styles/Styles.hpp" />
		<Unit filename="Include/Glue/UserInterface/MainWindow.hpp" />
		<Unit filename="Include/Glue/UserInterface/Menu.hpp" />
		<Unit filename="Include/Glue/UserInterface/UserInterface.hpp" />
		<Unit filename="Include/Glue/UserInterface/UserInterfaceRepresentation.hpp" />
		<Unit filename="Source/Animators/KinematicAnimator.cpp" />
		<Unit filename="Source/Animators/LockAnimator.cpp" />
		<Unit filename="Source/Animators/PhysicsAnimator.cpp" />
		<Unit filename="Source/Animators/ScriptObjAnimator.cpp" />
		<Unit filename="Source/Avatar/Avatar.cpp" />
		<Unit filename="Source/Avatar/Camera.cpp" />
		<Unit filename="Source/Avatar/Component.cpp" />
		<Unit filename="Source/Avatar/KeyInputs.cpp" />
		<Unit filename="Source/Avatar/NodeAttribute.cpp" />
		<Unit filename="Source/Avatar/PlayerStyle.cpp" />
		<Unit filename="Source/Bullet/BodyBuilder.cpp" />
		<Unit filename="Source/Bullet/Bullet.cpp" />
		<Unit filename="Source/Bullet/Component.cpp" />
		<Unit filename="Source/Bullet/ConstraintBuilder.cpp" />
		<Unit filename="Source/Bullet/ConstraintObj.cpp" />
		<Unit filename="Source/Bullet/NodeAttribute.cpp" />
		<Unit filename="Source/Bullet/PhysicsShapes.cpp" />
		<Unit filename="Source/Bullet/Sense.cpp" />
		<Unit filename="Source/Bullet/ShapeBuilder.cpp" />
		<Unit filename="Source/Bullet/ShapeOffsets.cpp" />
		<Unit filename="Source/Demo/Demo.cpp" />
		<Unit filename="Source/Desteer/Desteer.cpp" />
		<Unit filename="Source/Desteer/Steering.cpp" />
		<Unit filename="Source/EditorGUI/Component.cpp" />
		<Unit filename="Source/EditorGUI/EditorGUI.cpp" />
		<Unit filename="Source/EditorGUI/Toolbar.cpp" />
		<Unit filename="Source/Glue.cpp" />
		<Unit filename="Source/Interactions/Component/AvatarTime.cpp" />
		<Unit filename="Source/Interactions/Component/BulletTime.cpp" />
		<Unit filename="Source/Interactions/Component/Component.cpp" />
		<Unit filename="Source/Interactions/Component/ComponentInteraction.cpp" />
		<Unit filename="Source/Interactions/Component/DebugDrawer.cpp" />
		<Unit filename="Source/Interactions/Component/IrrlichtBulletDebugDrawer.cpp" />
		<Unit filename="Source/Interactions/Component/IrrlichtKeyInput.cpp" />
		<Unit filename="Source/Interactions/Component/IrrlichtTime.cpp" />
		<Unit filename="Source/Interactions/Component/LoadEditorGUI.cpp" />
		<Unit filename="Source/Interactions/Interactions.cpp" />
		<Unit filename="Source/Interactions/Link/BulletMouseDrag.cpp" />
		<Unit filename="Source/Interactions/Link/CameraFollowObject.cpp" />
		<Unit filename="Source/Interactions/Link/IrrlichtMouseDrag.cpp" />
		<Unit filename="Source/Interactions/Link/Link.cpp" />
		<Unit filename="Source/Interactions/Link/LinkInteraction.cpp" />
		<Unit filename="Source/Interactions/Link/SelectNode.cpp" />
		<Unit filename="Source/Interactions/Node/AddScriptObjAnim.cpp" />
		<Unit filename="Source/Interactions/Node/IrrlichtCamera.cpp" />
		<Unit filename="Source/Interactions/Node/MotionState.cpp" />
		<Unit filename="Source/Interactions/Node/Node.cpp" />
		<Unit filename="Source/Interactions/Node/NodeInteraction.cpp" />
		<Unit filename="Source/Interactions/Node/PlayerNoPhysSleep.cpp" />
		<Unit filename="Source/Interactions/Node/PlayerPhysics.cpp" />
		<Unit filename="Source/Irrlicht/Assets.cpp" />
		<Unit filename="Source/Irrlicht/Camera.cpp" />
		<Unit filename="Source/Irrlicht/Component.cpp" />
		<Unit filename="Source/Irrlicht/DisplayShapes.cpp" />
		<Unit filename="Source/Irrlicht/Irrlicht.cpp" />
		<Unit filename="Source/Irrlicht/NodeAttribute.cpp" />
		<Unit filename="Source/Irrlicht/SceneNodeBuilder.cpp" />
		<Unit filename="Source/Irrlicht/SceneNodes.cpp" />
		<Unit filename="Source/Irrlicht/ShapeBuilder.cpp" />
		<Unit filename="Source/Irrlicht/UserInterface/EventDispatch.cpp" />
		<Unit filename="Source/Irrlicht/UserInterface/GuiEvents.cpp" />
		<Unit filename="Source/Irrlicht/UserInterface/Keyboard.cpp" />
		<Unit filename="Source/Irrlicht/UserInterface/Menu.cpp" />
		<Unit filename="Source/Irrlicht/UserInterface/Mouse.cpp" />
		<Unit filename="Source/Irrlicht/UserInterface/MouseDragLinkAttribute.cpp" />
		<Unit filename="Source/Irrlicht/UserInterface/SceneNodeSelector.cpp" />
		<Unit filename="Source/Irrlicht/UserInterface/UserInterface.cpp" />
		<Unit filename="Source/LevelSystem/LevelEditor.cpp" />
		<Unit filename="Source/LevelSystem/LevelSystem.cpp" />
		<Unit filename="Source/LevelSystem/Props.cpp" />
		<Unit filename="Source/LevelSystem/Terrain.cpp" />
		<Unit filename="Source/LevelSystem/Tile.cpp" />
		<Unit filename="Source/MeshTools/HillMesh.cpp" />
		<Unit filename="Source/MeshTools/LinkSplitter.cpp" />
		<Unit filename="Source/MeshTools/MeshTools.cpp" />
		<Unit filename="Source/MeshTools/PossibleVertex.cpp" />
		<Unit filename="Source/MeshTools/SoftBodyMeshSynchronizer.cpp" />
		<Unit filename="Source/MeshTools/SurfaceQuadTree.cpp" />
		<Unit filename="Source/Model/Domain.cpp" />
		<Unit filename="Source/Model/Graph.cpp" />
		<Unit filename="Source/Model/Interaction.cpp" />
		<Unit filename="Source/Model/Link.cpp" />
		<Unit filename="Source/Model/Model.cpp" />
		<Unit filename="Source/Model/Node.cpp" />
		<Unit filename="Source/Model/Referent.cpp" />
		<Unit filename="Source/Model/Structure.cpp" />
		<Unit filename="Source/Model/Time.cpp" />
		<Unit filename="Source/SharedTypes/Color.cpp" />
		<Unit filename="Source/SharedTypes/EnumMap.cpp" />
		<Unit filename="Source/SharedTypes/FlagBits.cpp" />
		<Unit filename="Source/SharedTypes/IdMap.cpp" />
		<Unit filename="Source/SharedTypes/SharedTypes.cpp" />
		<Unit filename="Source/Startup.cpp" />
		<Unit filename="Source/Styles/ConstraintStyle.cpp" />
		<Unit filename="Source/Styles/ConstraintStyles.cpp" />
		<Unit filename="Source/Styles/GameObjStyle.cpp" />
		<Unit filename="Source/Styles/GameObjStyles.cpp" />
		<Unit filename="Source/Styles/GearConstraint.cpp" />
		<Unit filename="Source/Styles/LinkStyle.cpp" />
		<Unit filename="Source/Styles/LinkStyles.cpp" />
		<Unit filename="Source/Styles/MountStyle.cpp" />
		<Unit filename="Source/Styles/Styles.cpp" />
		<Unit filename="Source/UserInterface/MainWindow.cpp" />
		<Unit filename="Source/UserInterface/Menu.cpp" />
		<Unit filename="Source/UserInterface/UserInterface.cpp" />
		<Unit filename="Source/UserInterface/UserInterfaceRepresentation.cpp" />
		<Extensions>
			<envvars />
			<code_completion />
			<lib_finder disable_auto="1" />
			<debugger />
		</Extensions>
	</Project>
</CodeBlocks_project_file>
