<?xml version="1.0" encoding="UTF-8" standalone="yes" ?>
<CodeBlocks_project_file>
	<FileVersion major="1" minor="6" />
	<Project>
		<Option title="Finagle" />
		<Option pch_mode="2" />
		<Option compiler="gcc" />
		<Build>
			<Target title="Debug Linux">
				<Option output="bin/Debug/Finagle" prefix_auto="1" extension_auto="1" />
				<Option working_dir="" />
				<Option object_output="obj/Debug/" />
				<Option type="2" />
				<Option compiler="gcc" />
				<Option createDefFile="1" />
				<Compiler>
					<Add option="-Wall" />
					<Add option="-g" />
				</Compiler>
			</Target>
			<Target title="Release Linux">
				<Option output="bin/Release/Finagle" prefix_auto="1" extension_auto="1" />
				<Option working_dir="" />
				<Option object_output="obj/Release/" />
				<Option type="2" />
				<Option compiler="gcc" />
				<Option createDefFile="1" />
				<Compiler>
					<Add option="-Wall" />
					<Add option="-O2" />
				</Compiler>
				<Linker>
					<Add option="-s" />
				</Linker>
			</Target>
			<Target title="Test">
				<Option output="bin/Debug/Test-Finagle" prefix_auto="1" extension_auto="1" />
				<Option working_dir="bin/Debug" />
				<Option object_output="obj/Debug/" />
				<Option type="1" />
				<Option compiler="gcc" />
				<Compiler>
					<Add option="-Wall" />
					<Add option="-g" />
					<Add directory="Test" />
				</Compiler>
			</Target>
		</Build>
		<Compiler>
			<Add directory="Include" />
		</Compiler>
		<Unit filename="Include/Finagle/Coupon.hpp" />
		<Unit filename="Include/Finagle/Finagle.hpp" />
		<Unit filename="Include/Finagle/Product.hpp" />
		<Unit filename="Include/Finagle/Rule.hpp" />
		<Unit filename="Include/Finagle/Store.hpp" />
		<Unit filename="Source/Coupon.cpp" />
		<Unit filename="Source/Product.cpp" />
		<Unit filename="Source/Rule.cpp" />
		<Unit filename="Source/Store.cpp" />
		<Unit filename="Test/MockEngine.hpp" />
		<Unit filename="Test/MockInteractions.hpp" />
		<Unit filename="Test/MockLibs.hpp" />
		<Unit filename="Test/NodeSyncTest.hpp" />
		<Unit filename="Test/testmain.cpp">
			<Option target="Test" />
		</Unit>
		<Extensions>
			<envvars />
			<code_completion />
			<lib_finder disable_auto="1" />
			<debugger />
		</Extensions>
	</Project>
</CodeBlocks_project_file>
